
Microsoft Visual Studio Solution File, Format Version 12.00
# Visual Studio Version 17
VisualStudioVersion = 17.6.33815.320
MinimumVisualStudioVersion = 10.0.40219.1
Project("{FAE04EC0-301F-11D3-BF4B-00C04F79EFBC}") = "project", "project\project.csproj", "{9ABF932E-2A8D-4948-BBC7-F04ED80CB689}"
EndProject
Global
	GlobalSection(SolutionConfigurationPlatforms) = preSolution
		Debug|Any CPU = Debug|Any CPU
		Release|Any CPU = Release|Any CPU
	EndGlobalSection
	GlobalSection(ProjectConfigurationPlatforms) = postSolution
		{9ABF932E-2A8D-4948-BBC7-F04ED80CB689}.Debug|Any CPU.ActiveCfg = Debug|Any CPU
		{9ABF932E-2A8D-4948-BBC7-F04ED80CB689}.Debug|Any CPU.Build.0 = Debug|Any CPU
		{9ABF932E-2A8D-4948-BBC7-F04ED80CB689}.Release|Any CPU.ActiveCfg = Release|Any CPU
		{9ABF932E-2A8D-4948-BBC7-F04ED80CB689}.Release|Any CPU.Build.0 = Release|Any CPU
	EndGlobalSection
	GlobalSection(SolutionProperties) = preSolution
		HideSolutionNode = FALSE
	EndGlobalSection
	GlobalSection(ExtensibilityGlobals) = postSolution
		SolutionGuid = {DD290623-0364-4576-B920-6953615DC1A6}
	EndGlobalSection
EndGlobal
